# Generated by pub
packages:
  args:
    dependency: "direct main"
    description:
      name: args
      sha256: bf9f5caeea8d8fe6721a9c358dd8a5c1947b27f1cfaa18b39c301273594919e6
      url: "https://pub.dev"
    source: hosted
    version: "2.6.0"
  path:
    dependency: transitive
    description:
      name: path
      sha256: "087ce49c3f0dc39180befefc60fdb4acd8f8620e5682fe2476afd0b3688bb4af"
      url: "https://pub.dev"
    source: hosted
    version: "1.9.0"
  pasteboard:
    dependency: "direct main"
    description:
      path: packages/pasteboard
      ref: HEAD
      resolved-ref: "58748dae405df5e68a131e4905d48e75d0624be2"
      url: "https://github.com/Seidko/flutter-plugins.git"
    source: git
    version: "0.3.0"
  uni_links:
    dependency: "direct main"
    description:
      path: "."
      ref: HEAD
      resolved-ref: f416118d843a7e9ed117c7bb7bdc2deda5a9e86f
      url: "https://github.com/rustdesk-org/uni_links"
    source: git
    version: "0.5.1"
  localsend_isolates:
    dependency: "direct main"
    description:
      path: "../packages/localsend_isolates"
      relative: true
    source: path
    version: "0.0.1"
sdks:
  dart: ">=3.11.0 <4.0.0"
